
Microsoft Visual Studio Solution File, Format Version 12.00
# Visual Studio Version 16
VisualStudioVersion = 16.0.32413.511
MinimumVisualStudioVersion = 10.0.40219.1
Project("{FAE04EC0-301F-11D3-BF4B-00C04F79EFBC}") = "ConsoleApplication", "ConsoleApplication\ConsoleApplication.csproj", "{4A8166C2-F548-45CC-AE95-85BEB57E6E83}"
EndProject
Global
	GlobalSection(SolutionConfigurationPlatforms) = preSolution
		Debug|Any CPU = Debug|Any CPU
		Release|Any CPU = Release|Any CPU
	EndGlobalSection
	GlobalSection(ProjectConfigurationPlatforms) = postSolution
		{4A8166C2-F548-45CC-AE95-85BEB57E6E83}.Debug|Any CPU.ActiveCfg = Debug|Any CPU
		{4A8166C2-F548-45CC-AE95-85BEB57E6E83}.Debug|Any CPU.Build.0 = Debug|Any CPU
		{4A8166C2-F548-45CC-AE95-85BEB57E6E83}.Release|Any CPU.ActiveCfg = Release|Any CPU
		{4A8166C2-F548-45CC-AE95-85BEB57E6E83}.Release|Any CPU.Build.0 = Release|Any CPU
	EndGlobalSection
	GlobalSection(SolutionProperties) = preSolution
		HideSolutionNode = FALSE
	EndGlobalSection
	GlobalSection(ExtensibilityGlobals) = postSolution
		SolutionGuid = {17A9A831-6BAD-4071-A904-E441A04E4A6B}
	EndGlobalSection
EndGlobal
